
Microsoft Visual Studio Solution File, Format Version 12.00
# Visual Studio Version 17
VisualStudioVersion = 17.7.34221.43
MinimumVisualStudioVersion = 10.0.40219.1
Project("{FAE04EC0-301F-11D3-BF4B-00C04F79EFBC}") = "Arrays", "Arrays\Arrays.csproj", "{C20F23C2-13B9-4466-9888-1695FD0CBEF1}"
EndProject
Global
	GlobalSection(SolutionConfigurationPlatforms) = preSolution
		Debug|Any CPU = Debug|Any CPU
		Release|Any CPU = Release|Any CPU
	EndGlobalSection
	GlobalSection(ProjectConfigurationPlatforms) = postSolution
		{C20F23C2-13B9-4466-9888-1695FD0CBEF1}.Debug|Any CPU.ActiveCfg = Debug|Any CPU
		{C20F23C2-13B9-4466-9888-1695FD0CBEF1}.Debug|Any CPU.Build.0 = Debug|Any CPU
		{C20F23C2-13B9-4466-9888-1695FD0CBEF1}.Release|Any CPU.ActiveCfg = Release|Any CPU
		{C20F23C2-13B9-4466-9888-1695FD0CBEF1}.Release|Any CPU.Build.0 = Release|Any CPU
	EndGlobalSection
	GlobalSection(SolutionProperties) = preSolution
		HideSolutionNode = FALSE
	EndGlobalSection
	GlobalSection(ExtensibilityGlobals) = postSolution
		SolutionGuid = {03464E9C-8C61-4B5C-B184-5A93D35352B6}
	EndGlobalSection
EndGlobal
